// !$*UTF8*$!
{
	archiveVersion = 1;
	classes = {
	};
	objectVersion = 56;
	objects = {

/* Begin PBXBuildFile section */
		DB9062BA2968A5FB000DDCDD /* AppDelegate.swift in Sources */ = {isa = PBXBuildFile; fileRef = DB9062B92968A5FB000DDCDD /* AppDelegate.swift */; };
		DB9062BC2968A5FB000DDCDD /* GameScene.sks in Resources */ = {isa = PBXBuildFile; fileRef = DB9062BB2968A5FB000DDCDD /* GameScene.sks */; };
		DB9062BE2968A5FB000DDCDD /* Actions.sks in Resources */ = {isa = PBXBuildFile; fileRef = DB9062BD2968A5FB000DDCDD /* Actions.sks */; };
		DB9062C02968A5FB000DDCDD /* GameScene.swift in Sources */ = {isa = PBXBuildFile; fileRef = DB9062BF2968A5FB000DDCDD /* GameScene.swift */; };
		DB9062C22968A5FB000DDCDD /* GameViewController.swift in Sources */ = {isa = PBXBuildFile; fileRef = DB9062C12968A5FB000DDCDD /* GameViewController.swift */; };
		DB9062C52968A5FB000DDCDD /* Main.storyboard in Resources */ = {isa = PBXBuildFile; fileRef = DB9062C32968A5FB000DDCDD /* Main.storyboard */; };
		DB9062C72968A5FB000DDCDD /* Assets.xcassets in Resources */ = {isa = PBXBuildFile; fileRef = DB9062C62968A5FB000DDCDD /* Assets.xcassets */; };
		DB9062CA2968A5FB000DDCDD /* LaunchScreen.storyboard in Resources */ = {isa = PBXBuildFile; fileRef = DB9062C82968A5FB000DDCDD /* LaunchScreen.storyboard */; };
/* End PBXBuildFile section */

/* Begin PBXFileReference section */
		DB9062B62968A5FB000DDCDD /* breakoutComplete.app */ = {isa = PBXFileReference; explicitFileType = wrapper.application; includeInIndex = 0; path = breakoutComplete.app; sourceTree = BUILT_PRODUCTS_DIR; };
		DB9062B92968A5FB000DDCDD /* AppDelegate.swift */ = {isa = PBXFileReference; lastKnownFileType = sourcecode.swift; path = AppDelegate.swift; sourceTree = "<group>"; };
		DB9062BB2968A5FB000DDCDD /* GameScene.sks */ = {isa = PBXFileReference; lastKnownFileType = file.sks; path = GameScene.sks; sourceTree = "<group>"; };
		DB9062BD2968A5FB000DDCDD /* Actions.sks */ = {isa = PBXFileReference; lastKnownFileType = file.sks; path = Actions.sks; sourceTree = "<group>"; };
		DB9062BF2968A5FB000DDCDD /* GameScene.swift */ = {isa = PBXFileReference; lastKnownFileType = sourcecode.swift; path = GameScene.swift; sourceTree = "<group>"; };
		DB9062C12968A5FB000DDCDD /* GameViewController.swift */ = {isa = PBXFileReference; lastKnownFileType = sourcecode.swift; path = GameViewController.swift; sourceTree = "<group>"; };
		DB9062C42968A5FB000DDCDD /* Base */ = {isa = PBXFileReference; lastKnownFileType = file.storyboard; name = Base; path = Base.lproj/Main.storyboard; sourceTree = "<group>"; };
		DB9062C62968A5FB000DDCDD /* Assets.xcassets */ = {isa = PBXFileReference; lastKnownFileType = folder.assetcatalog; path = Assets.xcassets; sourceTree = "<group>"; };
		DB9062C92968A5FB000DDCDD /* Base */ = {isa = PBXFileReference; lastKnownFileType = file.storyboard; name = Base; path = Base.lproj/LaunchScreen.storyboard; sourceTree = "<group>"; };
/* End PBXFileReference section */

/* Begin PBXFrameworksBuildPhase section */
		DB9062B32968A5FB000DDCDD /* Frameworks */ = {
			isa = PBXFrameworksBuildPhase;
			buildActionMask = 2147483647;
			files = (
			);
			runOnlyForDeploymentPostprocessing = 0;
		};
/* End PBXFrameworksBuildPhase section */

/* Begin PBXGroup section */
		DB9062AD2968A5FB000DDCDD = {
			isa = PBXGroup;
			children = (
				DB9062B82968A5FB000DDCDD /* breakoutComplete */,
				DB9062B72968A5FB000DDCDD /* Products */,
			);
			sourceTree = "<group>";
		};
		DB9062B72968A5FB000DDCDD /* Products */ = {
			isa = PBXGroup;
			children = (
				DB9062B62968A5FB000DDCDD /* breakoutComplete.app */,
			);
			name = Products;
			sourceTree = "<group>";
		};
		DB9062B82968A5FB000DDCDD /* breakoutComplete */ = {
			isa = PBXGroup;
			children = (
				DB9062B92968A5FB000DDCDD /* AppDelegate.swift */,
				DB9062BB2968A5FB000DDCDD /* GameScene.sks */,
				DB9062BD2968A5FB000DDCDD /* Actions.sks */,
				DB9062BF2968A5FB000DDCDD /* GameScene.swift */,
				DB9062C12968A5FB000DDCDD /* GameViewController.swift */,
				DB9062C32968A5FB000DDCDD /* Main.storyboard */,
				DB9062C62968A5FB000DDCDD /* Assets.xcassets */,
				DB9062C82968A5FB000DDCDD /* LaunchScreen.storyboard */,
			);
			path = breakoutComplete;
			sourceTree = "<group>";
		};
/* End PBXGroup section */

/* Begin PBXNativeTarget section */
		DB9062B52968A5FB000DDCDD /* breakoutComplete */ = {
			isa = PBXNativeTarget;
			buildConfigurationList = DB9062CD2968A5FB000DDCDD /* Build configuration list for PBXNativeTarget "breakoutComplete" */;
			buildPhases = (
				DB9062B22968A5FB000DDCDD /* Sources */,
				DB9062B32968A5FB000DDCDD /* Frameworks */,
				DB9062B42968A5FB000DDCDD /* Resources */,
			);
			buildRules = (
			);
			dependencies = (
			);
			name = breakoutComplete;
			productName = breakoutComplete;
			productReference = DB9062B62968A5FB000DDCDD /* breakoutComplete.app */;
			productType = "com.apple.product-type.application";
		};
/* End PBXNativeTarget section */

/* Begin PBXProject section */
		DB9062AE2968A5FB000DDCDD /* Project object */ = {
			isa = PBXProject;
			attributes = {
				BuildIndependentTargetsInParallel = 1;
				LastSwiftUpdateCheck = 1420;
				LastUpgradeCheck = 1420;
				TargetAttributes = {
					DB9062B52968A5FB000DDCDD = {
						CreatedOnToolsVersion = 14.2;
					};
				};
			};
			buildConfigurationList = DB9062B12968A5FB000DDCDD /* Build configuration list for PBXProject "breakoutComplete" */;
			compatibilityVersion = "Xcode 14.0";
			developmentRegion = en;
			hasScannedForEncodings = 0;
			knownRegions = (
				en,
				Base,
			);
			mainGroup = DB9062AD2968A5FB000DDCDD;
			productRefGroup = DB9062B72968A5FB000DDCDD /* Products */;
			projectDirPath = "";
			projectRoot = "";
			targets = (
				DB9062B52968A5FB000DDCDD /* breakoutComplete */,
			);
		};
/* End PBXProject section */

/* Begin PBXResourcesBuildPhase section */
		DB9062B42968A5FB000DDCDD /* Resources */ = {
			isa = PBXResourcesBuildPhase;
			buildActionMask = 2147483647;
			files = (
				DB9062C52968A5FB000DDCDD /* Main.storyboard in Resources */,
				DB9062BC2968A5FB000DDCDD /* GameScene.sks in Resources */,
				DB9062C72968A5FB000DDCDD /* Assets.xcassets in Resources */,
				DB9062CA2968A5FB000DDCDD /* LaunchScreen.storyboard in Resources */,
				DB9062BE2968A5FB000DDCDD /* Actions.sks in Resources */,
			);
			runOnlyForDeploymentPostprocessing = 0;
		};
/* End PBXResourcesBuildPhase section */

/* Begin PBXSourcesBuildPhase section */
		DB9062B22968A5FB000DDCDD /* Sources */ = {
			isa = PBXSourcesBuildPhase;
			buildActionMask = 2147483647;
			files = (
				DB9062C02968A5FB000DDCDD /* GameScene.swift in Sources */,
				DB9062C22968A5FB000DDCDD /* GameViewController.swift in Sources */,
				DB9062BA2968A5FB000DDCDD /* AppDelegate.swift in Sources */,
			);
			runOnlyForDeploymentPostprocessing = 0;
		};
/* End PBXSourcesBuildPhase section */

/* Begin PBXVariantGroup section */
		DB9062C32968A5FB000DDCDD /* Main.storyboard */ = {
			isa = PBXVariantGroup;
			children = (
				DB9062C42968A5FB000DDCDD /* Base */,
			);
			name = Main.storyboard;
			sourceTree = "<group>";
		};
		DB9062C82968A5FB000DDCDD /* LaunchScreen.storyboard */ = {
			isa = PBXVariantGroup;
			children = (
				DB9062C92968A5FB000DDCDD /* Base */,
			);
			name = LaunchScreen.storyboard;
			sourceTree = "<group>";
		};
/* End PBXVariantGroup section */

/* Begin XCBuildConfiguration section */
		DB9062CB2968A5FB000DDCDD /* Debug */ = {
			isa = XCBuildConfiguration;
			buildSettings = {
				ALWAYS_SEARCH_USER_PATHS = NO;
				CLANG_ANALYZER_NONNULL = YES;
				CLANG_ANALYZER_NUMBER_OBJECT_CONVERSION = YES_AGGRESSIVE;
				CLANG_CXX_LANGUAGE_STANDARD = "gnu++20";
				CLANG_ENABLE_MODULES = YES;
				CLANG_ENABLE_OBJC_ARC = YES;
				CLANG_ENABLE_OBJC_WEAK = YES;
				CLANG_WARN_BLOCK_CAPTURE_AUTORELEASING = YES;
				CLANG_WARN_BOOL_CONVERSION = YES;
				CLANG_WARN_COMMA = YES;
				CLANG_WARN_CONSTANT_CONVERSION = YES;
				CLANG_WARN_DEPRECATED_OBJC_IMPLEMENTATIONS = YES;
				CLANG_WARN_DIRECT_OBJC_ISA_USAGE = YES_ERROR;
				CLANG_WARN_DOCUMENTATION_COMMENTS = YES;
				CLANG_WARN_EMPTY_BODY = YES;
				CLANG_WARN_ENUM_CONVERSION = YES;
				CLANG_WARN_INFINITE_RECURSION = YES;
				CLANG_WARN_INT_CONVERSION = YES;
				CLANG_WARN_NON_LITERAL_NULL_CONVERSION = YES;
				CLANG_WARN_OBJC_IMPLICIT_RETAIN_SELF = YES;
				CLANG_WARN_OBJC_LITERAL_CONVERSION = YES;
				CLANG_WARN_OBJC_ROOT_CLASS = YES_ERROR;
				CLANG_WARN_QUOTED_INCLUDE_IN_FRAMEWORK_HEADER = YES;
				CLANG_WARN_RANGE_LOOP_ANALYSIS = YES;
				CLANG_WARN_STRICT_PROTOTYPES = YES;
				CLANG_WARN_SUSPICIOUS_MOVE = YES;
				CLANG_WARN_UNGUARDED_AVAILABILITY = YES_AGGRESSIVE;
				CLANG_WARN_UNREACHABLE_CODE = YES;
				CLANG_WARN__DUPLICATE_METHOD_MATCH = YES;
				COPY_PHASE_STRIP = NO;
				DEBUG_INFORMATION_FORMAT = dwarf;
				ENABLE_STRICT_OBJC_MSGSEND = YES;
				ENABLE_TESTABILITY = YES;
				GCC_C_LANGUAGE_STANDARD = gnu11;
				GCC_DYNAMIC_NO_PIC = NO;
				GCC_NO_COMMON_BLOCKS = YES;
				GCC_OPTIMIZATION_LEVEL = 0;
				GCC_PREPROCESSOR_DEFINITIONS = (
					"DEBUG=1",
					"$(inherited)",
				);
				GCC_WARN_64_TO_32_BIT_CONVERSION = YES;
				GCC_WARN_ABOUT_RETURN_TYPE = YES_ERROR;
				GCC_WARN_UNDECLARED_SELECTOR = YES;
				GCC_WARN_UNINITIALIZED_AUTOS = YES_AGGRESSIVE;
				GCC_WARN_UNUSED_FUNCTION = YES;
				GCC_WARN_UNUSED_VARIABLE = YES;
				IPHONEOS_DEPLOYMENT_TARGET = 16.2;
				MTL_ENABLE_DEBUG_INFO = INCLUDE_SOURCE;
				MTL_FAST_MATH = YES;
				ONLY_ACTIVE_ARCH = YES;
				SDKROOT = iphoneos;
				SWIFT_ACTIVE_COMPILATION_CONDITIONS = DEBUG;
				SWIFT_OPTIMIZATION_LEVEL = "-Onone";
			};
			name = Debug;
		};
		DB9062CC2968A5FB000DDCDD /* Release */ = {
			isa = XCBuildConfiguration;
			buildSettings = {
				ALWAYS_SEARCH_USER_PATHS = NO;
				CLANG_ANALYZER_NONNULL = YES;
				CLANG_ANALYZER_NUMBER_OBJECT_CONVERSION = YES_AGGRESSIVE;
				CLANG_CXX_LANGUAGE_STANDARD = "gnu++20";
				CLANG_ENABLE_MODULES = YES;
				CLANG_ENABLE_OBJC_ARC = YES;
				CLANG_ENABLE_OBJC_WEAK = YES;
				CLANG_WARN_BLOCK_CAPTURE_AUTORELEASING = YES;
				CLANG_WARN_BOOL_CONVERSION = YES;
				CLANG_WARN_COMMA = YES;
				CLANG_WARN_CONSTANT_CONVERSION = YES;
				CLANG_WARN_DEPRECATED_OBJC_IMPLEMENTATIONS = YES;
				CLANG_WARN_DIRECT_OBJC_ISA_USAGE = YES_ERROR;
				CLANG_WARN_DOCUMENTATION_COMMENTS = YES;
				CLANG_WARN_EMPTY_BODY = YES;
				CLANG_WARN_ENUM_CONVERSION = YES;
				CLANG_WARN_INFINITE_RECURSION = YES;
				CLANG_WARN_INT_CONVERSION = YES;
				CLANG_WARN_NON_LITERAL_NULL_CONVERSION = YES;
				CLANG_WARN_OBJC_IMPLICIT_RETAIN_SELF = YES;
				CLANG_WARN_OBJC_LITERAL_CONVERSION = YES;
				CLANG_WARN_OBJC_ROOT_CLASS = YES_ERROR;
				CLANG_WARN_QUOTED_INCLUDE_IN_FRAMEWORK_HEADER = YES;
				CLANG_WARN_RANGE_LOOP_ANALYSIS = YES;
				CLANG_WARN_STRICT_PROTOTYPES = YES;
				CLANG_WARN_SUSPICIOUS_MOVE = YES;
				CLANG_WARN_UNGUARDED_AVAILABILITY = YES_AGGRESSIVE;
				CLANG_WARN_UNREACHABLE_CODE = YES;
				CLANG_WARN__DUPLICATE_METHOD_MATCH = YES;
				COPY_PHASE_STRIP = NO;
				DEBUG_INFORMATION_FORMAT = "dwarf-with-dsym";
				ENABLE_NS_ASSERTIONS = NO;
				ENABLE_STRICT_OBJC_MSGSEND = YES;
				GCC_C_LANGUAGE_STANDARD = gnu11;
				GCC_NO_COMMON_BLOCKS = YES;
				GCC_WARN_64_TO_32_BIT_CONVERSION = YES;
				GCC_WARN_ABOUT_RETURN_TYPE = YES_ERROR;
				GCC_WARN_UNDECLARED_SELECTOR = YES;
				GCC_WARN_UNINITIALIZED_AUTOS = YES_AGGRESSIVE;
				GCC_WARN_UNUSED_FUNCTION = YES;
				GCC_WARN_UNUSED_VARIABLE = YES;
				IPHONEOS_DEPLOYMENT_TARGET = 16.2;
				MTL_ENABLE_DEBUG_INFO = NO;
				MTL_FAST_MATH = YES;
				SDKROOT = iphoneos;
				SWIFT_COMPILATION_MODE = wholemodule;
				SWIFT_OPTIMIZATION_LEVEL = "-O";
				VALIDATE_PRODUCT = YES;
			};
			name = Release;
		};
		DB9062CE2968A5FB000DDCDD /* Debug */ = {
			isa = XCBuildConfiguration;
			buildSettings = {
				ASSETCATALOG_COMPILER_APPICON_NAME = AppIcon;
				ASSETCATALOG_COMPILER_GLOBAL_ACCENT_COLOR_NAME = AccentColor;
				CODE_SIGN_STYLE = Automatic;
				CURRENT_PROJECT_VERSION = 1;
				GENERATE_INFOPLIST_FILE = YES;
				INFOPLIST_KEY_UIApplicationSupportsIndirectInputEvents = YES;
				INFOPLIST_KEY_UILaunchStoryboardName = LaunchScreen;
				INFOPLIST_KEY_UIMainStoryboardFile = Main;
				INFOPLIST_KEY_UIStatusBarHidden = YES;
				INFOPLIST_KEY_UISupportedInterfaceOrientations_iPad = "UIInterfaceOrientationPortrait UIInterfaceOrientationPortraitUpsideDown UIInterfaceOrientationLandscapeLeft UIInterfaceOrientationLandscapeRight";
				INFOPLIST_KEY_UISupportedInterfaceOrientations_iPhone = "UIInterfaceOrientationPortrait UIInterfaceOrientationLandscapeLeft UIInterfaceOrientationLandscapeRight";
				LD_RUNPATH_SEARCH_PATHS = (
					"$(inherited)",
					"@executable_path/Frameworks",
				);
				MARKETING_VERSION = 1.0;
				PRODUCT_BUNDLE_IDENTIFIER = com.OliverBloom.breakoutComplete;
				PRODUCT_NAME = "$(TARGET_NAME)";
				SWIFT_EMIT_LOC_STRINGS = YES;
				SWIFT_VERSION = 5.0;
				TARGETED_DEVICE_FAMILY = "1,2";
			};
			name = Debug;
		};
		DB9062CF2968A5FB000DDCDD /* Release */ = {
			isa = XCBuildConfiguration;
			buildSettings = {
				ASSETCATALOG_COMPILER_APPICON_NAME = AppIcon;
				ASSETCATALOG_COMPILER_GLOBAL_ACCENT_COLOR_NAME = AccentColor;
				CODE_SIGN_STYLE = Automatic;
				CURRENT_PROJECT_VERSION = 1;
				GENERATE_INFOPLIST_FILE = YES;
				INFOPLIST_KEY_UIApplicationSupportsIndirectInputEvents = YES;
				INFOPLIST_KEY_UILaunchStoryboardName = LaunchScreen;
				INFOPLIST_KEY_UIMainStoryboardFile = Main;
				INFOPLIST_KEY_UIStatusBarHidden = YES;
				INFOPLIST_KEY_UISupportedInterfaceOrientations_iPad = "UIInterfaceOrientationPortrait UIInterfaceOrientationPortraitUpsideDown UIInterfaceOrientationLandscapeLeft UIInterfaceOrientationLandscapeRight";
				INFOPLIST_KEY_UISupportedInterfaceOrientations_iPhone = "UIInterfaceOrientationPortrait UIInterfaceOrientationLandscapeLeft UIInterfaceOrientationLandscapeRight";
				LD_RUNPATH_SEARCH_PATHS = (
					"$(inherited)",
					"@executable_path/Frameworks",
				);
				MARKETING_VERSION = 1.0;
				PRODUCT_BUNDLE_IDENTIFIER = com.OliverBloom.breakoutComplete;
				PRODUCT_NAME = "$(TARGET_NAME)";
				SWIFT_EMIT_LOC_STRINGS = YES;
				SWIFT_VERSION = 5.0;
				TARGETED_DEVICE_FAMILY = "1,2";
			};
			name = Release;
		};
/* End XCBuildConfiguration section */

/* Begin XCConfigurationList section */
		DB9062B12968A5FB000DDCDD /* Build configuration list for PBXProject "breakoutComplete" */ = {
			isa = XCConfigurationList;
			buildConfigurations = (
				DB9062CB2968A5FB000DDCDD /* Debug */,
				DB9062CC2968A5FB000DDCDD /* Release */,
			);
			defaultConfigurationIsVisible = 0;
			defaultConfigurationName = Release;
		};
		DB9062CD2968A5FB000DDCDD /* Build configuration list for PBXNativeTarget "breakoutComplete" */ = {
			isa = XCConfigurationList;
			buildConfigurations = (
				DB9062CE2968A5FB000DDCDD /* Debug */,
				DB9062CF2968A5FB000DDCDD /* Release */,
			);
			defaultConfigurationIsVisible = 0;
			defaultConfigurationName = Release;
		};
/* End XCConfigurationList section */
	};
	rootObject = DB9062AE2968A5FB000DDCDD /* Project object */;
}
